// !$*UTF8*$!
{
	archiveVersion = 1;
	classes = {
	};
	objectVersion = 56;
	objects = {

/* Begin PBXBuildFile section */
		550961F92BD8004400DB5DEC /* HabitHiveApp.swift in Sources */ = {isa = PBXBuildFile; fileRef = 550961F82BD8004400DB5DEC /* HabitHiveApp.swift */; };
		550961FB2BD8004400DB5DEC /* ContentView.swift in Sources */ = {isa = PBXBuildFile; fileRef = 550961FA2BD8004400DB5DEC /* ContentView.swift */; };
		550961FF2BD8004600DB5DEC /* Assets.xcassets in Resources */ = {isa = PBXBuildFile; fileRef = 550961FE2BD8004600DB5DEC /* Assets.xcassets */; };
		550962022BD8004600DB5DEC /* Preview Assets.xcassets in Resources */ = {isa = PBXBuildFile; fileRef = 550962012BD8004600DB5DEC /* Preview Assets.xcassets */; };
		5509620B2BD804AC00DB5DEC /* ProgressView.swift in Sources */ = {isa = PBXBuildFile; fileRef = 5509620A2BD804AC00DB5DEC /* ProgressView.swift */; };
		5509620D2BD804E800DB5DEC /* DailyView.swift in Sources */ = {isa = PBXBuildFile; fileRef = 5509620C2BD804E800DB5DEC /* DailyView.swift */; };
		5509620F2BD8050600DB5DEC /* HabitsView.swift in Sources */ = {isa = PBXBuildFile; fileRef = 5509620E2BD8050600DB5DEC /* HabitsView.swift */; };
		550962132BD8085900DB5DEC /* LogInView.swift in Sources */ = {isa = PBXBuildFile; fileRef = 550962122BD8085900DB5DEC /* LogInView.swift */; };
		550962152BD8091F00DB5DEC /* NavigationItems.swift in Sources */ = {isa = PBXBuildFile; fileRef = 550962142BD8091F00DB5DEC /* NavigationItems.swift */; };
		550962172BD80A6F00DB5DEC /* SignUpView.swift in Sources */ = {isa = PBXBuildFile; fileRef = 550962162BD80A6F00DB5DEC /* SignUpView.swift */; };
		5509621A2BD8449400DB5DEC /* Localizable.strings in Resources */ = {isa = PBXBuildFile; fileRef = 550962182BD8449400DB5DEC /* Localizable.strings */; };
		5509621C2BD8EBF000DB5DEC /* CustomButton.swift in Sources */ = {isa = PBXBuildFile; fileRef = 5509621B2BD8EBF000DB5DEC /* CustomButton.swift */; };
		5509621E2BD8F20900DB5DEC /* ElevatedTextFieldStyle.swift in Sources */ = {isa = PBXBuildFile; fileRef = 5509621D2BD8F20900DB5DEC /* ElevatedTextFieldStyle.swift */; };
		550962202BD8F74500DB5DEC /* Checkbox.swift in Sources */ = {isa = PBXBuildFile; fileRef = 5509621F2BD8F74500DB5DEC /* Checkbox.swift */; };
		5509622D2BD954C100DB5DEC /* FirebaseAuth in Frameworks */ = {isa = PBXBuildFile; productRef = 5509622C2BD954C100DB5DEC /* FirebaseAuth */; };
		5509622F2BD954C100DB5DEC /* FirebaseFirestore in Frameworks */ = {isa = PBXBuildFile; productRef = 5509622E2BD954C100DB5DEC /* FirebaseFirestore */; };
		550962312BD954C100DB5DEC /* FirebaseFirestoreSwift in Frameworks */ = {isa = PBXBuildFile; productRef = 550962302BD954C100DB5DEC /* FirebaseFirestoreSwift */; };
		550962352BDA454D00DB5DEC /* SignUpViewModel.swift in Sources */ = {isa = PBXBuildFile; fileRef = 550962342BDA454D00DB5DEC /* SignUpViewModel.swift */; };
		550962372BDA484100DB5DEC /* LoginViewModel.swift in Sources */ = {isa = PBXBuildFile; fileRef = 550962362BDA484100DB5DEC /* LoginViewModel.swift */; };
		550962392BDA4D1400DB5DEC /* GoogleService-Info.plist in Resources */ = {isa = PBXBuildFile; fileRef = 550962382BDA4D1400DB5DEC /* GoogleService-Info.plist */; };
		5509EA8C2BDA776C0048A8DF /* FloatingActionButton.swift in Sources */ = {isa = PBXBuildFile; fileRef = 5509EA8B2BDA776C0048A8DF /* FloatingActionButton.swift */; };
		5509EA8E2BDA7A9B0048A8DF /* NewHabitView.swift in Sources */ = {isa = PBXBuildFile; fileRef = 5509EA8D2BDA7A9B0048A8DF /* NewHabitView.swift */; };
		5509EA902BDA7E200048A8DF /* FrequencySelevtionView.swift in Sources */ = {isa = PBXBuildFile; fileRef = 5509EA8F2BDA7E200048A8DF /* FrequencySelevtionView.swift */; };
		5509EA922BDA7FF10048A8DF /* DayPickerView.swift in Sources */ = {isa = PBXBuildFile; fileRef = 5509EA912BDA7FF10048A8DF /* DayPickerView.swift */; };
		5509EA942BDA8CE90048A8DF /* HabitsViewModel.swift in Sources */ = {isa = PBXBuildFile; fileRef = 5509EA932BDA8CE90048A8DF /* HabitsViewModel.swift */; };
		5509EA962BDA8E500048A8DF /* CustomPopupView.swift in Sources */ = {isa = PBXBuildFile; fileRef = 5509EA952BDA8E500048A8DF /* CustomPopupView.swift */; };
		5509EA982BDB98160048A8DF /* NewHabitViewModel.swift in Sources */ = {isa = PBXBuildFile; fileRef = 5509EA972BDB98160048A8DF /* NewHabitViewModel.swift */; };
		5509EA9A2BDB98A90048A8DF /* Habit.swift in Sources */ = {isa = PBXBuildFile; fileRef = 5509EA992BDB98A90048A8DF /* Habit.swift */; };
		5509EA9C2BDB9D790048A8DF /* HabitCardView.swift in Sources */ = {isa = PBXBuildFile; fileRef = 5509EA9B2BDB9D790048A8DF /* HabitCardView.swift */; };
		5509EAA02BDBA6740048A8DF /* ScrollableWeekdaysView.swift in Sources */ = {isa = PBXBuildFile; fileRef = 5509EA9F2BDBA6740048A8DF /* ScrollableWeekdaysView.swift */; };
		5509EAA22BDBAA820048A8DF /* DailyHabitCardView.swift in Sources */ = {isa = PBXBuildFile; fileRef = 5509EAA12BDBAA820048A8DF /* DailyHabitCardView.swift */; };
		5509EAA62BDBAE1B0048A8DF /* DailyViewModel.swift in Sources */ = {isa = PBXBuildFile; fileRef = 5509EAA52BDBAE1B0048A8DF /* DailyViewModel.swift */; };
		5509EAA82BDBB1010048A8DF /* ProgressHabitCardView.swift in Sources */ = {isa = PBXBuildFile; fileRef = 5509EAA72BDBB1010048A8DF /* ProgressHabitCardView.swift */; };
		5509EAAA2BDBB1800048A8DF /* ProgressViewModel.swift in Sources */ = {isa = PBXBuildFile; fileRef = 5509EAA92BDBB1800048A8DF /* ProgressViewModel.swift */; };
		5509EAAC2BDBB1CA0048A8DF /* ProgressHabitView.swift in Sources */ = {isa = PBXBuildFile; fileRef = 5509EAAB2BDBB1CA0048A8DF /* ProgressHabitView.swift */; };
		5509EAAE2BDBB1E00048A8DF /* ProgressHabitViewModel.swift in Sources */ = {isa = PBXBuildFile; fileRef = 5509EAAD2BDBB1E00048A8DF /* ProgressHabitViewModel.swift */; };
		5548ED4F2BE3828A00E4CBF2 /* DebugCurrentDateView.swift in Sources */ = {isa = PBXBuildFile; fileRef = 5548ED4E2BE3828A00E4CBF2 /* DebugCurrentDateView.swift */; };
/* End PBXBuildFile section */

/* Begin PBXFileReference section */
		550961F52BD8004400DB5DEC /* HabitHive.app */ = {isa = PBXFileReference; explicitFileType = wrapper.application; includeInIndex = 0; path = HabitHive.app; sourceTree = BUILT_PRODUCTS_DIR; };
		550961F82BD8004400DB5DEC /* HabitHiveApp.swift */ = {isa = PBXFileReference; lastKnownFileType = sourcecode.swift; path = HabitHiveApp.swift; sourceTree = "<group>"; };
		550961FA2BD8004400DB5DEC /* ContentView.swift */ = {isa = PBXFileReference; lastKnownFileType = sourcecode.swift; path = ContentView.swift; sourceTree = "<group>"; };
		550961FE2BD8004600DB5DEC /* Assets.xcassets */ = {isa = PBXFileReference; lastKnownFileType = folder.assetcatalog; path = Assets.xcassets; sourceTree = "<group>"; };
		550962012BD8004600DB5DEC /* Preview Assets.xcassets */ = {isa = PBXFileReference; lastKnownFileType = folder.assetcatalog; path = "Preview Assets.xcassets"; sourceTree = "<group>"; };
		5509620A2BD804AC00DB5DEC /* ProgressView.swift */ = {isa = PBXFileReference; lastKnownFileType = sourcecode.swift; path = ProgressView.swift; sourceTree = "<group>"; };
		5509620C2BD804E800DB5DEC /* DailyView.swift */ = {isa = PBXFileReference; lastKnownFileType = sourcecode.swift; path = DailyView.swift; sourceTree = "<group>"; };
		5509620E2BD8050600DB5DEC /* HabitsView.swift */ = {isa = PBXFileReference; lastKnownFileType = sourcecode.swift; path = HabitsView.swift; sourceTree = "<group>"; };
		550962122BD8085900DB5DEC /* LogInView.swift */ = {isa = PBXFileReference; lastKnownFileType = sourcecode.swift; path = LogInView.swift; sourceTree = "<group>"; };
		550962142BD8091F00DB5DEC /* NavigationItems.swift */ = {isa = PBXFileReference; lastKnownFileType = sourcecode.swift; path = NavigationItems.swift; sourceTree = "<group>"; };
		550962162BD80A6F00DB5DEC /* SignUpView.swift */ = {isa = PBXFileReference; lastKnownFileType = sourcecode.swift; path = SignUpView.swift; sourceTree = "<group>"; };
		550962192BD8449400DB5DEC /* en */ = {isa = PBXFileReference; lastKnownFileType = text.plist.strings; name = en; path = en.lproj/Localizable.strings; sourceTree = "<group>"; };
		5509621B2BD8EBF000DB5DEC /* CustomButton.swift */ = {isa = PBXFileReference; lastKnownFileType = sourcecode.swift; path = CustomButton.swift; sourceTree = "<group>"; };
		5509621D2BD8F20900DB5DEC /* ElevatedTextFieldStyle.swift */ = {isa = PBXFileReference; lastKnownFileType = sourcecode.swift; path = ElevatedTextFieldStyle.swift; sourceTree = "<group>"; };
		5509621F2BD8F74500DB5DEC /* Checkbox.swift */ = {isa = PBXFileReference; lastKnownFileType = sourcecode.swift; path = Checkbox.swift; sourceTree = "<group>"; };
		550962342BDA454D00DB5DEC /* SignUpViewModel.swift */ = {isa = PBXFileReference; lastKnownFileType = sourcecode.swift; path = SignUpViewModel.swift; sourceTree = "<group>"; };
		550962362BDA484100DB5DEC /* LoginViewModel.swift */ = {isa = PBXFileReference; lastKnownFileType = sourcecode.swift; path = LoginViewModel.swift; sourceTree = "<group>"; };
		550962382BDA4D1400DB5DEC /* GoogleService-Info.plist */ = {isa = PBXFileReference; fileEncoding = 4; lastKnownFileType = text.plist.xml; path = "GoogleService-Info.plist"; sourceTree = "<group>"; };
		5509EA8B2BDA776C0048A8DF /* FloatingActionButton.swift */ = {isa = PBXFileReference; lastKnownFileType = sourcecode.swift; path = FloatingActionButton.swift; sourceTree = "<group>"; };
		5509EA8D2BDA7A9B0048A8DF /* NewHabitView.swift */ = {isa = PBXFileReference; lastKnownFileType = sourcecode.swift; path = NewHabitView.swift; sourceTree = "<group>"; };
		5509EA8F2BDA7E200048A8DF /* FrequencySelevtionView.swift */ = {isa = PBXFileReference; lastKnownFileType = sourcecode.swift; path = FrequencySelevtionView.swift; sourceTree = "<group>"; };
		5509EA912BDA7FF10048A8DF /* DayPickerView.swift */ = {isa = PBXFileReference; lastKnownFileType = sourcecode.swift; path = DayPickerView.swift; sourceTree = "<group>"; };
		5509EA932BDA8CE90048A8DF /* HabitsViewModel.swift */ = {isa = PBXFileReference; lastKnownFileType = sourcecode.swift; path = HabitsViewModel.swift; sourceTree = "<group>"; };
		5509EA952BDA8E500048A8DF /* CustomPopupView.swift */ = {isa = PBXFileReference; lastKnownFileType = sourcecode.swift; path = CustomPopupView.swift; sourceTree = "<group>"; };
		5509EA972BDB98160048A8DF /* NewHabitViewModel.swift */ = {isa = PBXFileReference; lastKnownFileType = sourcecode.swift; path = NewHabitViewModel.swift; sourceTree = "<group>"; };
		5509EA992BDB98A90048A8DF /* Habit.swift */ = {isa = PBXFileReference; lastKnownFileType = sourcecode.swift; path = Habit.swift; sourceTree = "<group>"; };
		5509EA9B2BDB9D790048A8DF /* HabitCardView.swift */ = {isa = PBXFileReference; lastKnownFileType = sourcecode.swift; path = HabitCardView.swift; sourceTree = "<group>"; };
		5509EA9F2BDBA6740048A8DF /* ScrollableWeekdaysView.swift */ = {isa = PBXFileReference; lastKnownFileType = sourcecode.swift; path = ScrollableWeekdaysView.swift; sourceTree = "<group>"; };
		5509EAA12BDBAA820048A8DF /* DailyHabitCardView.swift */ = {isa = PBXFileReference; lastKnownFileType = sourcecode.swift; path = DailyHabitCardView.swift; sourceTree = "<group>"; };
		5509EAA52BDBAE1B0048A8DF /* DailyViewModel.swift */ = {isa = PBXFileReference; lastKnownFileType = sourcecode.swift; path = DailyViewModel.swift; sourceTree = "<group>"; };
		5509EAA72BDBB1010048A8DF /* ProgressHabitCardView.swift */ = {isa = PBXFileReference; lastKnownFileType = sourcecode.swift; path = ProgressHabitCardView.swift; sourceTree = "<group>"; };
		5509EAA92BDBB1800048A8DF /* ProgressViewModel.swift */ = {isa = PBXFileReference; lastKnownFileType = sourcecode.swift; path = ProgressViewModel.swift; sourceTree = "<group>"; };
		5509EAAB2BDBB1CA0048A8DF /* ProgressHabitView.swift */ = {isa = PBXFileReference; lastKnownFileType = sourcecode.swift; path = ProgressHabitView.swift; sourceTree = "<group>"; };
		5509EAAD2BDBB1E00048A8DF /* ProgressHabitViewModel.swift */ = {isa = PBXFileReference; lastKnownFileType = sourcecode.swift; path = ProgressHabitViewModel.swift; sourceTree = "<group>"; };
		5548ED4E2BE3828A00E4CBF2 /* DebugCurrentDateView.swift */ = {isa = PBXFileReference; lastKnownFileType = sourcecode.swift; path = DebugCurrentDateView.swift; sourceTree = "<group>"; };
/* End PBXFileReference section */

/* Begin PBXFrameworksBuildPhase section */
		550961F22BD8004400DB5DEC /* Frameworks */ = {
			isa = PBXFrameworksBuildPhase;
			buildActionMask = 2147483647;
			files = (
				5509622D2BD954C100DB5DEC /* FirebaseAuth in Frameworks */,
				5509622F2BD954C100DB5DEC /* FirebaseFirestore in Frameworks */,
				550962312BD954C100DB5DEC /* FirebaseFirestoreSwift in Frameworks */,
			);
			runOnlyForDeploymentPostprocessing = 0;
		};
/* End PBXFrameworksBuildPhase section */

/* Begin PBXGroup section */
		550961EC2BD8004400DB5DEC = {
			isa = PBXGroup;
			children = (
				550961F72BD8004400DB5DEC /* HabitHive */,
				550961F62BD8004400DB5DEC /* Products */,
			);
			sourceTree = "<group>";
		};
		550961F62BD8004400DB5DEC /* Products */ = {
			isa = PBXGroup;
			children = (
				550961F52BD8004400DB5DEC /* HabitHive.app */,
			);
			name = Products;
			sourceTree = "<group>";
		};
		550961F72BD8004400DB5DEC /* HabitHive */ = {
			isa = PBXGroup;
			children = (
				550962382BDA4D1400DB5DEC /* GoogleService-Info.plist */,
				550962252BD91D8300DB5DEC /* Customs */,
				550962242BD91D7C00DB5DEC /* Habits */,
				550962232BD91D7500DB5DEC /* Progress */,
				550962222BD91D6C00DB5DEC /* Daily */,
				550962212BD91D4500DB5DEC /* LogIn */,
				550961F82BD8004400DB5DEC /* HabitHiveApp.swift */,
				550962142BD8091F00DB5DEC /* NavigationItems.swift */,
				550961FA2BD8004400DB5DEC /* ContentView.swift */,
				550961FE2BD8004600DB5DEC /* Assets.xcassets */,
				550962002BD8004600DB5DEC /* Preview Content */,
				550962182BD8449400DB5DEC /* Localizable.strings */,
				5548ED4E2BE3828A00E4CBF2 /* DebugCurrentDateView.swift */,
			);
			path = HabitHive;
			sourceTree = "<group>";
		};
		550962002BD8004600DB5DEC /* Preview Content */ = {
			isa = PBXGroup;
			children = (
				550962012BD8004600DB5DEC /* Preview Assets.xcassets */,
			);
			path = "Preview Content";
			sourceTree = "<group>";
		};
		550962212BD91D4500DB5DEC /* LogIn */ = {
			isa = PBXGroup;
			children = (
				550962162BD80A6F00DB5DEC /* SignUpView.swift */,
				550962342BDA454D00DB5DEC /* SignUpViewModel.swift */,
				550962122BD8085900DB5DEC /* LogInView.swift */,
				550962362BDA484100DB5DEC /* LoginViewModel.swift */,
			);
			path = LogIn;
			sourceTree = "<group>";
		};
		550962222BD91D6C00DB5DEC /* Daily */ = {
			isa = PBXGroup;
			children = (
				5509620C2BD804E800DB5DEC /* DailyView.swift */,
				5509EAA12BDBAA820048A8DF /* DailyHabitCardView.swift */,
				5509EAA52BDBAE1B0048A8DF /* DailyViewModel.swift */,
			);
			path = Daily;
			sourceTree = "<group>";
		};
		550962232BD91D7500DB5DEC /* Progress */ = {
			isa = PBXGroup;
			children = (
				5509620A2BD804AC00DB5DEC /* ProgressView.swift */,
				5509EAA72BDBB1010048A8DF /* ProgressHabitCardView.swift */,
				5509EAA92BDBB1800048A8DF /* ProgressViewModel.swift */,
				5509EAAB2BDBB1CA0048A8DF /* ProgressHabitView.swift */,
				5509EAAD2BDBB1E00048A8DF /* ProgressHabitViewModel.swift */,
			);
			path = Progress;
			sourceTree = "<group>";
		};
		550962242BD91D7C00DB5DEC /* Habits */ = {
			isa = PBXGroup;
			children = (
				5509620E2BD8050600DB5DEC /* HabitsView.swift */,
				5509EA8D2BDA7A9B0048A8DF /* NewHabitView.swift */,
				5509EA932BDA8CE90048A8DF /* HabitsViewModel.swift */,
				5509EA972BDB98160048A8DF /* NewHabitViewModel.swift */,
				5509EA992BDB98A90048A8DF /* Habit.swift */,
			);
			path = Habits;
			sourceTree = "<group>";
		};
		550962252BD91D8300DB5DEC /* Customs */ = {
			isa = PBXGroup;
			children = (
				5509621F2BD8F74500DB5DEC /* Checkbox.swift */,
				5509621D2BD8F20900DB5DEC /* ElevatedTextFieldStyle.swift */,
				5509621B2BD8EBF000DB5DEC /* CustomButton.swift */,
				5509EA8B2BDA776C0048A8DF /* FloatingActionButton.swift */,
				5509EA8F2BDA7E200048A8DF /* FrequencySelevtionView.swift */,
				5509EA912BDA7FF10048A8DF /* DayPickerView.swift */,
				5509EA952BDA8E500048A8DF /* CustomPopupView.swift */,
				5509EA9F2BDBA6740048A8DF /* ScrollableWeekdaysView.swift */,
				5509EA9B2BDB9D790048A8DF /* HabitCardView.swift */,
			);
			path = Customs;
			sourceTree = "<group>";
		};
/* End PBXGroup section */

/* Begin PBXNativeTarget section */
		550961F42BD8004400DB5DEC /* HabitHive */ = {
			isa = PBXNativeTarget;
			buildConfigurationList = 550962052BD8004600DB5DEC /* Build configuration list for PBXNativeTarget "HabitHive" */;
			buildPhases = (
				550961F12BD8004400DB5DEC /* Sources */,
				550961F22BD8004400DB5DEC /* Frameworks */,
				550961F32BD8004400DB5DEC /* Resources */,
			);
			buildRules = (
			);
			dependencies = (
			);
			name = HabitHive;
			packageProductDependencies = (
				5509622C2BD954C100DB5DEC /* FirebaseAuth */,
				5509622E2BD954C100DB5DEC /* FirebaseFirestore */,
				550962302BD954C100DB5DEC /* FirebaseFirestoreSwift */,
			);
			productName = HabitHive;
			productReference = 550961F52BD8004400DB5DEC /* HabitHive.app */;
			productType = "com.apple.product-type.application";
		};
/* End PBXNativeTarget section */

/* Begin PBXProject section */
		550961ED2BD8004400DB5DEC /* Project object */ = {
			isa = PBXProject;
			attributes = {
				BuildIndependentTargetsInParallel = 1;
				LastSwiftUpdateCheck = 1530;
				LastUpgradeCheck = 1530;
				TargetAttributes = {
					550961F42BD8004400DB5DEC = {
						CreatedOnToolsVersion = 15.3;
					};
				};
			};
			buildConfigurationList = 550961F02BD8004400DB5DEC /* Build configuration list for PBXProject "HabitHive" */;
			compatibilityVersion = "Xcode 14.0";
			developmentRegion = en;
			hasScannedForEncodings = 0;
			knownRegions = (
				en,
				Base,
			);
			mainGroup = 550961EC2BD8004400DB5DEC;
			packageReferences = (
				5509622B2BD952DC00DB5DEC /* XCRemoteSwiftPackageReference "firebase-ios-sdk" */,
			);
			productRefGroup = 550961F62BD8004400DB5DEC /* Products */;
			projectDirPath = "";
			projectRoot = "";
			targets = (
				550961F42BD8004400DB5DEC /* HabitHive */,
			);
		};
/* End PBXProject section */

/* Begin PBXResourcesBuildPhase section */
		550961F32BD8004400DB5DEC /* Resources */ = {
			isa = PBXResourcesBuildPhase;
			buildActionMask = 2147483647;
			files = (
				550962022BD8004600DB5DEC /* Preview Assets.xcassets in Resources */,
				550962392BDA4D1400DB5DEC /* GoogleService-Info.plist in Resources */,
				5509621A2BD8449400DB5DEC /* Localizable.strings in Resources */,
				550961FF2BD8004600DB5DEC /* Assets.xcassets in Resources */,
			);
			runOnlyForDeploymentPostprocessing = 0;
		};
/* End PBXResourcesBuildPhase section */

/* Begin PBXSourcesBuildPhase section */
		550961F12BD8004400DB5DEC /* Sources */ = {
			isa = PBXSourcesBuildPhase;
			buildActionMask = 2147483647;
			files = (
				5509620D2BD804E800DB5DEC /* DailyView.swift in Sources */,
				5509EA9C2BDB9D790048A8DF /* HabitCardView.swift in Sources */,
				5509EAAC2BDBB1CA0048A8DF /* ProgressHabitView.swift in Sources */,
				5509EAA02BDBA6740048A8DF /* ScrollableWeekdaysView.swift in Sources */,
				550962352BDA454D00DB5DEC /* SignUpViewModel.swift in Sources */,
				5509621E2BD8F20900DB5DEC /* ElevatedTextFieldStyle.swift in Sources */,
				5509EA9A2BDB98A90048A8DF /* Habit.swift in Sources */,
				5509EAA22BDBAA820048A8DF /* DailyHabitCardView.swift in Sources */,
				5509EA942BDA8CE90048A8DF /* HabitsViewModel.swift in Sources */,
				5509EA982BDB98160048A8DF /* NewHabitViewModel.swift in Sources */,
				5509EA8E2BDA7A9B0048A8DF /* NewHabitView.swift in Sources */,
				5509EAAE2BDBB1E00048A8DF /* ProgressHabitViewModel.swift in Sources */,
				5548ED4F2BE3828A00E4CBF2 /* DebugCurrentDateView.swift in Sources */,
				550962132BD8085900DB5DEC /* LogInView.swift in Sources */,
				550962152BD8091F00DB5DEC /* NavigationItems.swift in Sources */,
				550961FB2BD8004400DB5DEC /* ContentView.swift in Sources */,
				5509EA922BDA7FF10048A8DF /* DayPickerView.swift in Sources */,
				550962372BDA484100DB5DEC /* LoginViewModel.swift in Sources */,
				5509621C2BD8EBF000DB5DEC /* CustomButton.swift in Sources */,
				550961F92BD8004400DB5DEC /* HabitHiveApp.swift in Sources */,
				5509EA8C2BDA776C0048A8DF /* FloatingActionButton.swift in Sources */,
				5509EAAA2BDBB1800048A8DF /* ProgressViewModel.swift in Sources */,
				5509EAA82BDBB1010048A8DF /* ProgressHabitCardView.swift in Sources */,
				5509EA962BDA8E500048A8DF /* CustomPopupView.swift in Sources */,
				550962202BD8F74500DB5DEC /* Checkbox.swift in Sources */,
				5509620F2BD8050600DB5DEC /* HabitsView.swift in Sources */,
				5509EAA62BDBAE1B0048A8DF /* DailyViewModel.swift in Sources */,
				5509EA902BDA7E200048A8DF /* FrequencySelevtionView.swift in Sources */,
				550962172BD80A6F00DB5DEC /* SignUpView.swift in Sources */,
				5509620B2BD804AC00DB5DEC /* ProgressView.swift in Sources */,
			);
			runOnlyForDeploymentPostprocessing = 0;
		};
/* End PBXSourcesBuildPhase section */

/* Begin PBXVariantGroup section */
		550962182BD8449400DB5DEC /* Localizable.strings */ = {
			isa = PBXVariantGroup;
			children = (
				550962192BD8449400DB5DEC /* en */,
			);
			name = Localizable.strings;
			sourceTree = "<group>";
		};
/* End PBXVariantGroup section */

/* Begin XCBuildConfiguration section */
		550962032BD8004600DB5DEC /* Debug */ = {
			isa = XCBuildConfiguration;
			buildSettings = {
				ALWAYS_SEARCH_USER_PATHS = NO;
				ASSETCATALOG_COMPILER_GENERATE_SWIFT_ASSET_SYMBOL_EXTENSIONS = YES;
				CLANG_ANALYZER_NONNULL = YES;
				CLANG_ANALYZER_NUMBER_OBJECT_CONVERSION = YES_AGGRESSIVE;
				CLANG_CXX_LANGUAGE_STANDARD = "gnu++20";
				CLANG_ENABLE_MODULES = YES;
				CLANG_ENABLE_OBJC_ARC = YES;
				CLANG_ENABLE_OBJC_WEAK = YES;
				CLANG_WARN_BLOCK_CAPTURE_AUTORELEASING = YES;
				CLANG_WARN_BOOL_CONVERSION = YES;
				CLANG_WARN_COMMA = YES;
				CLANG_WARN_CONSTANT_CONVERSION = YES;
				CLANG_WARN_DEPRECATED_OBJC_IMPLEMENTATIONS = YES;
				CLANG_WARN_DIRECT_OBJC_ISA_USAGE = YES_ERROR;
				CLANG_WARN_DOCUMENTATION_COMMENTS = YES;
				CLANG_WARN_EMPTY_BODY = YES;
				CLANG_WARN_ENUM_CONVERSION = YES;
				CLANG_WARN_INFINITE_RECURSION = YES;
				CLANG_WARN_INT_CONVERSION = YES;
				CLANG_WARN_NON_LITERAL_NULL_CONVERSION = YES;
				CLANG_WARN_OBJC_IMPLICIT_RETAIN_SELF = YES;
				CLANG_WARN_OBJC_LITERAL_CONVERSION = YES;
				CLANG_WARN_OBJC_ROOT_CLASS = YES_ERROR;
				CLANG_WARN_QUOTED_INCLUDE_IN_FRAMEWORK_HEADER = YES;
				CLANG_WARN_RANGE_LOOP_ANALYSIS = YES;
				CLANG_WARN_STRICT_PROTOTYPES = YES;
				CLANG_WARN_SUSPICIOUS_MOVE = YES;
				CLANG_WARN_UNGUARDED_AVAILABILITY = YES_AGGRESSIVE;
				CLANG_WARN_UNREACHABLE_CODE = YES;
				CLANG_WARN__DUPLICATE_METHOD_MATCH = YES;
				COPY_PHASE_STRIP = NO;
				DEBUG_INFORMATION_FORMAT = dwarf;
				ENABLE_STRICT_OBJC_MSGSEND = YES;
				ENABLE_TESTABILITY = YES;
				ENABLE_USER_SCRIPT_SANDBOXING = YES;
				GCC_C_LANGUAGE_STANDARD = gnu17;
				GCC_DYNAMIC_NO_PIC = NO;
				GCC_NO_COMMON_BLOCKS = YES;
				GCC_OPTIMIZATION_LEVEL = 0;
				GCC_PREPROCESSOR_DEFINITIONS = (
					"DEBUG=1",
					"$(inherited)",
				);
				GCC_WARN_64_TO_32_BIT_CONVERSION = YES;
				GCC_WARN_ABOUT_RETURN_TYPE = YES_ERROR;
				GCC_WARN_UNDECLARED_SELECTOR = YES;
				GCC_WARN_UNINITIALIZED_AUTOS = YES_AGGRESSIVE;
				GCC_WARN_UNUSED_FUNCTION = YES;
				GCC_WARN_UNUSED_VARIABLE = YES;
				IPHONEOS_DEPLOYMENT_TARGET = 17.4;
				LOCALIZATION_PREFERS_STRING_CATALOGS = YES;
				MTL_ENABLE_DEBUG_INFO = INCLUDE_SOURCE;
				MTL_FAST_MATH = YES;
				ONLY_ACTIVE_ARCH = YES;
				SDKROOT = iphoneos;
				SWIFT_ACTIVE_COMPILATION_CONDITIONS = "DEBUG $(inherited)";
				SWIFT_OPTIMIZATION_LEVEL = "-Onone";
			};
			name = Debug;
		};
		550962042BD8004600DB5DEC /* Release */ = {
			isa = XCBuildConfiguration;
			buildSettings = {
				ALWAYS_SEARCH_USER_PATHS = NO;
				ASSETCATALOG_COMPILER_GENERATE_SWIFT_ASSET_SYMBOL_EXTENSIONS = YES;
				CLANG_ANALYZER_NONNULL = YES;
				CLANG_ANALYZER_NUMBER_OBJECT_CONVERSION = YES_AGGRESSIVE;
				CLANG_CXX_LANGUAGE_STANDARD = "gnu++20";
				CLANG_ENABLE_MODULES = YES;
				CLANG_ENABLE_OBJC_ARC = YES;
				CLANG_ENABLE_OBJC_WEAK = YES;
				CLANG_WARN_BLOCK_CAPTURE_AUTORELEASING = YES;
				CLANG_WARN_BOOL_CONVERSION = YES;
				CLANG_WARN_COMMA = YES;
				CLANG_WARN_CONSTANT_CONVERSION = YES;
				CLANG_WARN_DEPRECATED_OBJC_IMPLEMENTATIONS = YES;
				CLANG_WARN_DIRECT_OBJC_ISA_USAGE = YES_ERROR;
				CLANG_WARN_DOCUMENTATION_COMMENTS = YES;
				CLANG_WARN_EMPTY_BODY = YES;
				CLANG_WARN_ENUM_CONVERSION = YES;
				CLANG_WARN_INFINITE_RECURSION = YES;
				CLANG_WARN_INT_CONVERSION = YES;
				CLANG_WARN_NON_LITERAL_NULL_CONVERSION = YES;
				CLANG_WARN_OBJC_IMPLICIT_RETAIN_SELF = YES;
				CLANG_WARN_OBJC_LITERAL_CONVERSION = YES;
				CLANG_WARN_OBJC_ROOT_CLASS = YES_ERROR;
				CLANG_WARN_QUOTED_INCLUDE_IN_FRAMEWORK_HEADER = YES;
				CLANG_WARN_RANGE_LOOP_ANALYSIS = YES;
				CLANG_WARN_STRICT_PROTOTYPES = YES;
				CLANG_WARN_SUSPICIOUS_MOVE = YES;
				CLANG_WARN_UNGUARDED_AVAILABILITY = YES_AGGRESSIVE;
				CLANG_WARN_UNREACHABLE_CODE = YES;
				CLANG_WARN__DUPLICATE_METHOD_MATCH = YES;
				COPY_PHASE_STRIP = NO;
				DEBUG_INFORMATION_FORMAT = "dwarf-with-dsym";
				ENABLE_NS_ASSERTIONS = NO;
				ENABLE_STRICT_OBJC_MSGSEND = YES;
				ENABLE_USER_SCRIPT_SANDBOXING = YES;
				GCC_C_LANGUAGE_STANDARD = gnu17;
				GCC_NO_COMMON_BLOCKS = YES;
				GCC_WARN_64_TO_32_BIT_CONVERSION = YES;
				GCC_WARN_ABOUT_RETURN_TYPE = YES_ERROR;
				GCC_WARN_UNDECLARED_SELECTOR = YES;
				GCC_WARN_UNINITIALIZED_AUTOS = YES_AGGRESSIVE;
				GCC_WARN_UNUSED_FUNCTION = YES;
				GCC_WARN_UNUSED_VARIABLE = YES;
				IPHONEOS_DEPLOYMENT_TARGET = 17.4;
				LOCALIZATION_PREFERS_STRING_CATALOGS = YES;
				MTL_ENABLE_DEBUG_INFO = NO;
				MTL_FAST_MATH = YES;
				SDKROOT = iphoneos;
				SWIFT_COMPILATION_MODE = wholemodule;
				VALIDATE_PRODUCT = YES;
			};
			name = Release;
		};
		550962062BD8004600DB5DEC /* Debug */ = {
			isa = XCBuildConfiguration;
			buildSettings = {
				ASSETCATALOG_COMPILER_APPICON_NAME = AppIcon;
				ASSETCATALOG_COMPILER_GLOBAL_ACCENT_COLOR_NAME = AccentColor;
				CODE_SIGN_STYLE = Automatic;
				CURRENT_PROJECT_VERSION = 1;
				DEVELOPMENT_ASSET_PATHS = "\"HabitHive/Preview Content\"";
				DEVELOPMENT_TEAM = 3ZPD9V4R79;
				ENABLE_PREVIEWS = YES;
				GENERATE_INFOPLIST_FILE = YES;
				INFOPLIST_KEY_UIApplicationSceneManifest_Generation = YES;
				INFOPLIST_KEY_UIApplicationSupportsIndirectInputEvents = YES;
				INFOPLIST_KEY_UILaunchScreen_Generation = YES;
				INFOPLIST_KEY_UISupportedInterfaceOrientations_iPad = "UIInterfaceOrientationPortrait UIInterfaceOrientationPortraitUpsideDown UIInterfaceOrientationLandscapeLeft UIInterfaceOrientationLandscapeRight";
				INFOPLIST_KEY_UISupportedInterfaceOrientations_iPhone = "UIInterfaceOrientationPortrait UIInterfaceOrientationLandscapeLeft UIInterfaceOrientationLandscapeRight";
				LD_RUNPATH_SEARCH_PATHS = (
					"$(inherited)",
					"@executable_path/Frameworks",
				);
				MARKETING_VERSION = 1.0;
				PRODUCT_BUNDLE_IDENTIFIER = com.martin.HabitHive;
				PRODUCT_NAME = "$(TARGET_NAME)";
				SWIFT_EMIT_LOC_STRINGS = YES;
				SWIFT_VERSION = 5.0;
				TARGETED_DEVICE_FAMILY = "1,2";
			};
			name = Debug;
		};
		550962072BD8004600DB5DEC /* Release */ = {
			isa = XCBuildConfiguration;
			buildSettings = {
				ASSETCATALOG_COMPILER_APPICON_NAME = AppIcon;
				ASSETCATALOG_COMPILER_GLOBAL_ACCENT_COLOR_NAME = AccentColor;
				CODE_SIGN_STYLE = Automatic;
				CURRENT_PROJECT_VERSION = 1;
				DEVELOPMENT_ASSET_PATHS = "\"HabitHive/Preview Content\"";
				DEVELOPMENT_TEAM = 3ZPD9V4R79;
				ENABLE_PREVIEWS = YES;
				GENERATE_INFOPLIST_FILE = YES;
				INFOPLIST_KEY_UIApplicationSceneManifest_Generation = YES;
				INFOPLIST_KEY_UIApplicationSupportsIndirectInputEvents = YES;
				INFOPLIST_KEY_UILaunchScreen_Generation = YES;
				INFOPLIST_KEY_UISupportedInterfaceOrientations_iPad = "UIInterfaceOrientationPortrait UIInterfaceOrientationPortraitUpsideDown UIInterfaceOrientationLandscapeLeft UIInterfaceOrientationLandscapeRight";
				INFOPLIST_KEY_UISupportedInterfaceOrientations_iPhone = "UIInterfaceOrientationPortrait UIInterfaceOrientationLandscapeLeft UIInterfaceOrientationLandscapeRight";
				LD_RUNPATH_SEARCH_PATHS = (
					"$(inherited)",
					"@executable_path/Frameworks",
				);
				MARKETING_VERSION = 1.0;
				PRODUCT_BUNDLE_IDENTIFIER = com.martin.HabitHive;
				PRODUCT_NAME = "$(TARGET_NAME)";
				SWIFT_EMIT_LOC_STRINGS = YES;
				SWIFT_VERSION = 5.0;
				TARGETED_DEVICE_FAMILY = "1,2";
			};
			name = Release;
		};
/* End XCBuildConfiguration section */

/* Begin XCConfigurationList section */
		550961F02BD8004400DB5DEC /* Build configuration list for PBXProject "HabitHive" */ = {
			isa = XCConfigurationList;
			buildConfigurations = (
				550962032BD8004600DB5DEC /* Debug */,
				550962042BD8004600DB5DEC /* Release */,
			);
			defaultConfigurationIsVisible = 0;
			defaultConfigurationName = Release;
		};
		550962052BD8004600DB5DEC /* Build configuration list for PBXNativeTarget "HabitHive" */ = {
			isa = XCConfigurationList;
			buildConfigurations = (
				550962062BD8004600DB5DEC /* Debug */,
				550962072BD8004600DB5DEC /* Release */,
			);
			defaultConfigurationIsVisible = 0;
			defaultConfigurationName = Release;
		};
/* End XCConfigurationList section */

/* Begin XCRemoteSwiftPackageReference section */
		5509622B2BD952DC00DB5DEC /* XCRemoteSwiftPackageReference "firebase-ios-sdk" */ = {
			isa = XCRemoteSwiftPackageReference;
			repositoryURL = "https://github.com/firebase/firebase-ios-sdk";
			requirement = {
				kind = upToNextMajorVersion;
				minimumVersion = 10.24.0;
			};
		};
/* End XCRemoteSwiftPackageReference section */

/* Begin XCSwiftPackageProductDependency section */
		5509622C2BD954C100DB5DEC /* FirebaseAuth */ = {
			isa = XCSwiftPackageProductDependency;
			package = 5509622B2BD952DC00DB5DEC /* XCRemoteSwiftPackageReference "firebase-ios-sdk" */;
			productName = FirebaseAuth;
		};
		5509622E2BD954C100DB5DEC /* FirebaseFirestore */ = {
			isa = XCSwiftPackageProductDependency;
			package = 5509622B2BD952DC00DB5DEC /* XCRemoteSwiftPackageReference "firebase-ios-sdk" */;
			productName = FirebaseFirestore;
		};
		550962302BD954C100DB5DEC /* FirebaseFirestoreSwift */ = {
			isa = XCSwiftPackageProductDependency;
			package = 5509622B2BD952DC00DB5DEC /* XCRemoteSwiftPackageReference "firebase-ios-sdk" */;
			productName = FirebaseFirestoreSwift;
		};
/* End XCSwiftPackageProductDependency section */
	};
	rootObject = 550961ED2BD8004400DB5DEC /* Project object */;
}
